Microsoft Visual Studio Solution File, Format Version 12.00
# Visual Studio Version 17
VisualStudioVersion = 17.5.2.0
MinimumVisualStudioVersion = 10.0.40219.1
Project("{FAE04EC0-301F-11D3-BF4B-00C04F79EFBC}") = "CLI-RENTING-SERVICE-IENUM", "CLI-RENTING-SERVICE-IENUM.csproj", "{952E254A-AA8C-8786-F9FD-BAD7665CE154}"
EndProject
Global
	GlobalSection(SolutionConfigurationPlatforms) = preSolution
		Debug|Any CPU = Debug|Any CPU
		Release|Any CPU = Release|Any CPU
	EndGlobalSection
	GlobalSection(ProjectConfigurationPlatforms) = postSolution
		{952E254A-AA8C-8786-F9FD-BAD7665CE154}.Debug|Any CPU.ActiveCfg = Debug|Any CPU
		{952E254A-AA8C-8786-F9FD-BAD7665CE154}.Debug|Any CPU.Build.0 = Debug|Any CPU
		{952E254A-AA8C-8786-F9FD-BAD7665CE154}.Release|Any CPU.ActiveCfg = Release|Any CPU
		{952E254A-AA8C-8786-F9FD-BAD7665CE154}.Release|Any CPU.Build.0 = Release|Any CPU
	EndGlobalSection
	GlobalSection(SolutionProperties) = preSolution
		HideSolutionNode = FALSE
	EndGlobalSection
	GlobalSection(ExtensibilityGlobals) = postSolution
		SolutionGuid = {B3257AD7-1410-4CD8-8EA4-B9F2D8DDA909}
	EndGlobalSection
EndGlobal
